<?xml version="1.0" encoding="utf-8"?>
<Project ToolsVersion="4.0" xmlns="http://schemas.microsoft.com/developer/msbuild/2003">
  <ItemGroup>
    <ClCompile Include="CStaticHandler.cpp">
      <Filter>原始程式檔</Filter>
    </ClCompile>
    <ClCompile Include="ImageHandler.cpp">
      <Filter>原始程式檔</Filter>
    </ClCompile>
    <ClCompile Include="ImageProcessing.cpp">
      <Filter>原始程式檔</Filter>
    </ClCompile>
    <ClCompile Include="ImageProcessingDlg.cpp">
      <Filter>原始程式檔</Filter>
    </ClCompile>
    <ClCompile Include="PPM_Reader.cpp">
      <Filter>原始程式檔</Filter>
    </ClCompile>
    <ClCompile Include="stdafx.cpp">
      <Filter>原始程式檔</Filter>
    </ClCompile>
    <ClCompile Include="ImageContainer.cpp">
      <Filter>原始程式檔</Filter>
    </ClCompile>
  </ItemGroup>
  <ItemGroup>
    <ClInclude Include="CStaticHandler.h">
      <Filter>標頭檔</Filter>
    </ClInclude>
    <ClInclude Include="ImageHandler.h">
      <Filter>標頭檔</Filter>
    </ClInclude>
    <ClInclude Include="stdafx.h">
      <Filter>標頭檔</Filter>
    </ClInclude>
    <ClInclude Include="targetver.h">
      <Filter>標頭檔</Filter>
    </ClInclude>
    <ClInclude Include="PPM_Reader.h">
      <Filter>標頭檔</Filter>
    </ClInclude>
    <ClInclude Include="ImageProcessingDlg.h">
      <Filter>標頭檔</Filter>
    </ClInclude>
    <ClInclude Include="ImageProcessing.h">
      <Filter>標頭檔</Filter>
    </ClInclude>
    <ClInclude Include="Resource.h">
      <Filter>標頭檔</Filter>
    </ClInclude>
    <ClInclude Include="FourierTransform.h">
      <Filter>標頭檔</Filter>
    </ClInclude>
    <ClInclude Include="ImageContainer.h">
      <Filter>標頭檔</Filter>
    </ClInclude>
  </ItemGroup>
  <ItemGroup>
    <Image Include="res\blank.bmp">
      <Filter>資源檔</Filter>
    </Image>
    <Image Include="res\ImageProcessing.ico">
      <Filter>資源檔</Filter>
    </Image>
  </ItemGroup>
  <ItemGroup>
    <Text Include="ReadMe.txt" />
  </ItemGroup>
  <ItemGroup>
    <Filter Include="原始程式檔">
      <UniqueIdentifier>{984394d9-c13b-4f54-a092-e25c01db0ed0}</UniqueIdentifier>
      <Extensions>cpp;c;cc;cxx;def;odl;idl;hpj;bat;asm;asmx</Extensions>
    </Filter>
    <Filter Include="資源檔">
      <UniqueIdentifier>{0388642d-5d7c-4469-b235-70ff4c413542}</UniqueIdentifier>
      <Extensions>rc;ico;cur;bmp;dlg;rc2;rct;bin;rgs;gif;jpg;jpeg;jpe;resx;tiff;tif;png;wav;mfcribbon-ms</Extensions>
    </Filter>
    <Filter Include="標頭檔">
      <UniqueIdentifier>{5bf01b9c-18c2-4a3c-bb29-4c5eb3fdbcfc}</UniqueIdentifier>
      <Extensions>h;hh;hpp;hxx;hm;inl;inc;xsd</Extensions>
    </Filter>
  </ItemGroup>
  <ItemGroup>
    <ResourceCompile Include="ImageProcessing.rc">
      <Filter>資源檔</Filter>
    </ResourceCompile>
  </ItemGroup>
</Project>